
Microsoft Visual Studio Solution File, Format Version 12.00
Project("{FAE04EC0-301F-11D3-BF4B-00C04F79EFBC}") = "Gobi.HolePuncher.Relay", "Gobi.HolePuncher.Relay\Gobi.HolePuncher.Relay.csproj", "{E8C4D32B-0E55-4B0C-A9D4-524931FBD13C}"
EndProject
Project("{FAE04EC0-301F-11D3-BF4B-00C04F79EFBC}") = "Gobi.HolePuncher.Common", "Gobi.HolePuncher.Common\Gobi.HolePuncher.Common.csproj", "{23F09B09-86F4-44FF-B011-321DEAC59A5C}"
EndProject
Project("{FAE04EC0-301F-11D3-BF4B-00C04F79EFBC}") = "Gobi.HolePuncher.Peer", "Gobi.HolePuncher.Peer\Gobi.HolePuncher.Peer.csproj", "{771EF6ED-02EE-4EC2-89CD-FBDA3494D491}"
EndProject
Global
	GlobalSection(SolutionConfigurationPlatforms) = preSolution
		Debug|Any CPU = Debug|Any CPU
		Release|Any CPU = Release|Any CPU
	EndGlobalSection
	GlobalSection(ProjectConfigurationPlatforms) = postSolution
		{23F09B09-86F4-44FF-B011-321DEAC59A5C}.Debug|Any CPU.ActiveCfg = Debug|Any CPU
		{23F09B09-86F4-44FF-B011-321DEAC59A5C}.Debug|Any CPU.Build.0 = Debug|Any CPU
		{23F09B09-86F4-44FF-B011-321DEAC59A5C}.Release|Any CPU.ActiveCfg = Release|Any CPU
		{23F09B09-86F4-44FF-B011-321DEAC59A5C}.Release|Any CPU.Build.0 = Release|Any CPU
		{771EF6ED-02EE-4EC2-89CD-FBDA3494D491}.Debug|Any CPU.ActiveCfg = Debug|Any CPU
		{771EF6ED-02EE-4EC2-89CD-FBDA3494D491}.Debug|Any CPU.Build.0 = Debug|Any CPU
		{771EF6ED-02EE-4EC2-89CD-FBDA3494D491}.Release|Any CPU.ActiveCfg = Release|Any CPU
		{771EF6ED-02EE-4EC2-89CD-FBDA3494D491}.Release|Any CPU.Build.0 = Release|Any CPU
		{E8C4D32B-0E55-4B0C-A9D4-524931FBD13C}.Debug|Any CPU.ActiveCfg = Debug|Any CPU
		{E8C4D32B-0E55-4B0C-A9D4-524931FBD13C}.Debug|Any CPU.Build.0 = Debug|Any CPU
	EndGlobalSection
EndGlobal
